
Microsoft Visual Studio Solution File, Format Version 12.00
# Visual Studio Version 17
VisualStudioVersion = 17.0.31903.59
MinimumVisualStudioVersion = 10.0.40219.1
Project("{FAE04EC0-301F-11D3-BF4B-00C04F79EFBC}") = "FourthWallCafe.Web", "FourthWallCafe.Web\FourthWallCafe.Web.csproj", "{3360A89B-07AA-4085-AD1A-BE98DADB54CB}"
EndProject
Global
	GlobalSection(SolutionConfigurationPlatforms) = preSolution
		Debug|Any CPU = Debug|Any CPU
		Release|Any CPU = Release|Any CPU
	EndGlobalSection
	GlobalSection(SolutionProperties) = preSolution
		HideSolutionNode = FALSE
	EndGlobalSection
	GlobalSection(ProjectConfigurationPlatforms) = postSolution
		{3360A89B-07AA-4085-AD1A-BE98DADB54CB}.Debug|Any CPU.ActiveCfg = Debug|Any CPU
		{3360A89B-07AA-4085-AD1A-BE98DADB54CB}.Debug|Any CPU.Build.0 = Debug|Any CPU
		{3360A89B-07AA-4085-AD1A-BE98DADB54CB}.Release|Any CPU.ActiveCfg = Release|Any CPU
		{3360A89B-07AA-4085-AD1A-BE98DADB54CB}.Release|Any CPU.Build.0 = Release|Any CPU
	EndGlobalSection
EndGlobal
